// !$*UTF8*$!
{
	archiveVersion = 1;
	classes = {
	};
	objectVersion = 50;
	objects = {

/* Begin PBXBuildFile section */
		1EE2CBE9262A811F0029050A /* AppDelegate.swift in Sources */ = {isa = PBXBuildFile; fileRef = 1EE2CBE8262A811F0029050A /* AppDelegate.swift */; };
		1EE2CBEB262A811F0029050A /* SceneDelegate.swift in Sources */ = {isa = PBXBuildFile; fileRef = 1EE2CBEA262A811F0029050A /* SceneDelegate.swift */; };
		1EE2CBED262A811F0029050A /* ViewController.swift in Sources */ = {isa = PBXBuildFile; fileRef = 1EE2CBEC262A811F0029050A /* ViewController.swift */; };
		1EE2CBF0262A811F0029050A /* Main.storyboard in Resources */ = {isa = PBXBuildFile; fileRef = 1EE2CBEE262A811F0029050A /* Main.storyboard */; };
		1EE2CBF3262A811F0029050A /* App_Generate_Numbers.xcdatamodeld in Sources */ = {isa = PBXBuildFile; fileRef = 1EE2CBF1262A811F0029050A /* App_Generate_Numbers.xcdatamodeld */; };
		1EE2CBF5262A81200029050A /* Assets.xcassets in Resources */ = {isa = PBXBuildFile; fileRef = 1EE2CBF4262A81200029050A /* Assets.xcassets */; };
		1EE2CBF8262A81200029050A /* LaunchScreen.storyboard in Resources */ = {isa = PBXBuildFile; fileRef = 1EE2CBF6262A81200029050A /* LaunchScreen.storyboard */; };
/* End PBXBuildFile section */

/* Begin PBXFileReference section */
		1EE2CBE5262A811F0029050A /* App_Generate_Numbers.app */ = {isa = PBXFileReference; explicitFileType = wrapper.application; includeInIndex = 0; path = App_Generate_Numbers.app; sourceTree = BUILT_PRODUCTS_DIR; };
		1EE2CBE8262A811F0029050A /* AppDelegate.swift */ = {isa = PBXFileReference; lastKnownFileType = sourcecode.swift; path = AppDelegate.swift; sourceTree = "<group>"; };
		1EE2CBEA262A811F0029050A /* SceneDelegate.swift */ = {isa = PBXFileReference; lastKnownFileType = sourcecode.swift; path = SceneDelegate.swift; sourceTree = "<group>"; };
		1EE2CBEC262A811F0029050A /* ViewController.swift */ = {isa = PBXFileReference; lastKnownFileType = sourcecode.swift; path = ViewController.swift; sourceTree = "<group>"; };
		1EE2CBEF262A811F0029050A /* Base */ = {isa = PBXFileReference; lastKnownFileType = file.storyboard; name = Base; path = Base.lproj/Main.storyboard; sourceTree = "<group>"; };
		1EE2CBF2262A811F0029050A /* App_Generate_Numbers.xcdatamodel */ = {isa = PBXFileReference; lastKnownFileType = wrapper.xcdatamodel; path = App_Generate_Numbers.xcdatamodel; sourceTree = "<group>"; };
		1EE2CBF4262A81200029050A /* Assets.xcassets */ = {isa = PBXFileReference; lastKnownFileType = folder.assetcatalog; path = Assets.xcassets; sourceTree = "<group>"; };
		1EE2CBF7262A81200029050A /* Base */ = {isa = PBXFileReference; lastKnownFileType = file.storyboard; name = Base; path = Base.lproj/LaunchScreen.storyboard; sourceTree = "<group>"; };
		1EE2CBF9262A81200029050A /* Info.plist */ = {isa = PBXFileReference; lastKnownFileType = text.plist.xml; path = Info.plist; sourceTree = "<group>"; };
/* End PBXFileReference section */

/* Begin PBXFrameworksBuildPhase section */
		1EE2CBE2262A811F0029050A /* Frameworks */ = {
			isa = PBXFrameworksBuildPhase;
			buildActionMask = 2147483647;
			files = (
			);
			runOnlyForDeploymentPostprocessing = 0;
		};
/* End PBXFrameworksBuildPhase section */

/* Begin PBXGroup section */
		1EE2CBDC262A811F0029050A = {
			isa = PBXGroup;
			children = (
				1EE2CBE7262A811F0029050A /* App_Generate_Numbers */,
				1EE2CBE6262A811F0029050A /* Products */,
			);
			sourceTree = "<group>";
		};
		1EE2CBE6262A811F0029050A /* Products */ = {
			isa = PBXGroup;
			children = (
				1EE2CBE5262A811F0029050A /* App_Generate_Numbers.app */,
			);
			name = Products;
			sourceTree = "<group>";
		};
		1EE2CBE7262A811F0029050A /* App_Generate_Numbers */ = {
			isa = PBXGroup;
			children = (
				1EE2CBE8262A811F0029050A /* AppDelegate.swift */,
				1EE2CBEA262A811F0029050A /* SceneDelegate.swift */,
				1EE2CBEC262A811F0029050A /* ViewController.swift */,
				1EE2CBEE262A811F0029050A /* Main.storyboard */,
				1EE2CBF4262A81200029050A /* Assets.xcassets */,
				1EE2CBF6262A81200029050A /* LaunchScreen.storyboard */,
				1EE2CBF9262A81200029050A /* Info.plist */,
				1EE2CBF1262A811F0029050A /* App_Generate_Numbers.xcdatamodeld */,
			);
			path = App_Generate_Numbers;
			sourceTree = "<group>";
		};
/* End PBXGroup section */

/* Begin PBXNativeTarget section */
		1EE2CBE4262A811F0029050A /* App_Generate_Numbers */ = {
			isa = PBXNativeTarget;
			buildConfigurationList = 1EE2CBFC262A81200029050A /* Build configuration list for PBXNativeTarget "App_Generate_Numbers" */;
			buildPhases = (
				1EE2CBE1262A811F0029050A /* Sources */,
				1EE2CBE2262A811F0029050A /* Frameworks */,
				1EE2CBE3262A811F0029050A /* Resources */,
			);
			buildRules = (
			);
			dependencies = (
			);
			name = App_Generate_Numbers;
			productName = App_Generate_Numbers;
			productReference = 1EE2CBE5262A811F0029050A /* App_Generate_Numbers.app */;
			productType = "com.apple.product-type.application";
		};
/* End PBXNativeTarget section */

/* Begin PBXProject section */
		1EE2CBDD262A811F0029050A /* Project object */ = {
			isa = PBXProject;
			attributes = {
				LastSwiftUpdateCheck = 1240;
				LastUpgradeCheck = 1240;
				TargetAttributes = {
					1EE2CBE4262A811F0029050A = {
						CreatedOnToolsVersion = 12.4;
					};
				};
			};
			buildConfigurationList = 1EE2CBE0262A811F0029050A /* Build configuration list for PBXProject "App_Generate_Numbers" */;
			compatibilityVersion = "Xcode 9.3";
			developmentRegion = en;
			hasScannedForEncodings = 0;
			knownRegions = (
				en,
				Base,
			);
			mainGroup = 1EE2CBDC262A811F0029050A;
			productRefGroup = 1EE2CBE6262A811F0029050A /* Products */;
			projectDirPath = "";
			projectRoot = "";
			targets = (
				1EE2CBE4262A811F0029050A /* App_Generate_Numbers */,
			);
		};
/* End PBXProject section */

/* Begin PBXResourcesBuildPhase section */
		1EE2CBE3262A811F0029050A /* Resources */ = {
			isa = PBXResourcesBuildPhase;
			buildActionMask = 2147483647;
			files = (
				1EE2CBF8262A81200029050A /* LaunchScreen.storyboard in Resources */,
				1EE2CBF5262A81200029050A /* Assets.xcassets in Resources */,
				1EE2CBF0262A811F0029050A /* Main.storyboard in Resources */,
			);
			runOnlyForDeploymentPostprocessing = 0;
		};
/* End PBXResourcesBuildPhase section */

/* Begin PBXSourcesBuildPhase section */
		1EE2CBE1262A811F0029050A /* Sources */ = {
			isa = PBXSourcesBuildPhase;
			buildActionMask = 2147483647;
			files = (
				1EE2CBED262A811F0029050A /* ViewController.swift in Sources */,
				1EE2CBF3262A811F0029050A /* App_Generate_Numbers.xcdatamodeld in Sources */,
				1EE2CBE9262A811F0029050A /* AppDelegate.swift in Sources */,
				1EE2CBEB262A811F0029050A /* SceneDelegate.swift in Sources */,
			);
			runOnlyForDeploymentPostprocessing = 0;
		};
/* End PBXSourcesBuildPhase section */

/* Begin PBXVariantGroup section */
		1EE2CBEE262A811F0029050A /* Main.storyboard */ = {
			isa = PBXVariantGroup;
			children = (
				1EE2CBEF262A811F0029050A /* Base */,
			);
			name = Main.storyboard;
			sourceTree = "<group>";
		};
		1EE2CBF6262A81200029050A /* LaunchScreen.storyboard */ = {
			isa = PBXVariantGroup;
			children = (
				1EE2CBF7262A81200029050A /* Base */,
			);
			name = LaunchScreen.storyboard;
			sourceTree = "<group>";
		};
/* End PBXVariantGroup section */

/* Begin XCBuildConfiguration section */
		1EE2CBFA262A81200029050A /* Debug */ = {
			isa = XCBuildConfiguration;
			buildSettings = {
				ALWAYS_SEARCH_USER_PATHS = NO;
				CLANG_ANALYZER_NONNULL = YES;
				CLANG_ANALYZER_NUMBER_OBJECT_CONVERSION = YES_AGGRESSIVE;
				CLANG_CXX_LANGUAGE_STANDARD = "gnu++14";
				CLANG_CXX_LIBRARY = "libc++";
				CLANG_ENABLE_MODULES = YES;
				CLANG_ENABLE_OBJC_ARC = YES;
				CLANG_ENABLE_OBJC_WEAK = YES;
				CLANG_WARN_BLOCK_CAPTURE_AUTORELEASING = YES;
				CLANG_WARN_BOOL_CONVERSION = YES;
				CLANG_WARN_COMMA = YES;
				CLANG_WARN_CONSTANT_CONVERSION = YES;
				CLANG_WARN_DEPRECATED_OBJC_IMPLEMENTATIONS = YES;
				CLANG_WARN_DIRECT_OBJC_ISA_USAGE = YES_ERROR;
				CLANG_WARN_DOCUMENTATION_COMMENTS = YES;
				CLANG_WARN_EMPTY_BODY = YES;
				CLANG_WARN_ENUM_CONVERSION = YES;
				CLANG_WARN_INFINITE_RECURSION = YES;
				CLANG_WARN_INT_CONVERSION = YES;
				CLANG_WARN_NON_LITERAL_NULL_CONVERSION = YES;
				CLANG_WARN_OBJC_IMPLICIT_RETAIN_SELF = YES;
				CLANG_WARN_OBJC_LITERAL_CONVERSION = YES;
				CLANG_WARN_OBJC_ROOT_CLASS = YES_ERROR;
				CLANG_WARN_QUOTED_INCLUDE_IN_FRAMEWORK_HEADER = YES;
				CLANG_WARN_RANGE_LOOP_ANALYSIS = YES;
				CLANG_WARN_STRICT_PROTOTYPES = YES;
				CLANG_WARN_SUSPICIOUS_MOVE = YES;
				CLANG_WARN_UNGUARDED_AVAILABILITY = YES_AGGRESSIVE;
				CLANG_WARN_UNREACHABLE_CODE = YES;
				CLANG_WARN__DUPLICATE_METHOD_MATCH = YES;
				COPY_PHASE_STRIP = NO;
				DEBUG_INFORMATION_FORMAT = dwarf;
				ENABLE_STRICT_OBJC_MSGSEND = YES;
				ENABLE_TESTABILITY = YES;
				GCC_C_LANGUAGE_STANDARD = gnu11;
				GCC_DYNAMIC_NO_PIC = NO;
				GCC_NO_COMMON_BLOCKS = YES;
				GCC_OPTIMIZATION_LEVEL = 0;
				GCC_PREPROCESSOR_DEFINITIONS = (
					"DEBUG=1",
					"$(inherited)",
				);
				GCC_WARN_64_TO_32_BIT_CONVERSION = YES;
				GCC_WARN_ABOUT_RETURN_TYPE = YES_ERROR;
				GCC_WARN_UNDECLARED_SELECTOR = YES;
				GCC_WARN_UNINITIALIZED_AUTOS = YES_AGGRESSIVE;
				GCC_WARN_UNUSED_FUNCTION = YES;
				GCC_WARN_UNUSED_VARIABLE = YES;
				IPHONEOS_DEPLOYMENT_TARGET = 14.4;
				MTL_ENABLE_DEBUG_INFO = INCLUDE_SOURCE;
				MTL_FAST_MATH = YES;
				ONLY_ACTIVE_ARCH = YES;
				SDKROOT = iphoneos;
				SWIFT_ACTIVE_COMPILATION_CONDITIONS = DEBUG;
				SWIFT_OPTIMIZATION_LEVEL = "-Onone";
			};
			name = Debug;
		};
		1EE2CBFB262A81200029050A /* Release */ = {
			isa = XCBuildConfiguration;
			buildSettings = {
				ALWAYS_SEARCH_USER_PATHS = NO;
				CLANG_ANALYZER_NONNULL = YES;
				CLANG_ANALYZER_NUMBER_OBJECT_CONVERSION = YES_AGGRESSIVE;
				CLANG_CXX_LANGUAGE_STANDARD = "gnu++14";
				CLANG_CXX_LIBRARY = "libc++";
				CLANG_ENABLE_MODULES = YES;
				CLANG_ENABLE_OBJC_ARC = YES;
				CLANG_ENABLE_OBJC_WEAK = YES;
				CLANG_WARN_BLOCK_CAPTURE_AUTORELEASING = YES;
				CLANG_WARN_BOOL_CONVERSION = YES;
				CLANG_WARN_COMMA = YES;
				CLANG_WARN_CONSTANT_CONVERSION = YES;
				CLANG_WARN_DEPRECATED_OBJC_IMPLEMENTATIONS = YES;
				CLANG_WARN_DIRECT_OBJC_ISA_USAGE = YES_ERROR;
				CLANG_WARN_DOCUMENTATION_COMMENTS = YES;
				CLANG_WARN_EMPTY_BODY = YES;
				CLANG_WARN_ENUM_CONVERSION = YES;
				CLANG_WARN_INFINITE_RECURSION = YES;
				CLANG_WARN_INT_CONVERSION = YES;
				CLANG_WARN_NON_LITERAL_NULL_CONVERSION = YES;
				CLANG_WARN_OBJC_IMPLICIT_RETAIN_SELF = YES;
				CLANG_WARN_OBJC_LITERAL_CONVERSION = YES;
				CLANG_WARN_OBJC_ROOT_CLASS = YES_ERROR;
				CLANG_WARN_QUOTED_INCLUDE_IN_FRAMEWORK_HEADER = YES;
				CLANG_WARN_RANGE_LOOP_ANALYSIS = YES;
				CLANG_WARN_STRICT_PROTOTYPES = YES;
				CLANG_WARN_SUSPICIOUS_MOVE = YES;
				CLANG_WARN_UNGUARDED_AVAILABILITY = YES_AGGRESSIVE;
				CLANG_WARN_UNREACHABLE_CODE = YES;
				CLANG_WARN__DUPLICATE_METHOD_MATCH = YES;
				COPY_PHASE_STRIP = NO;
				DEBUG_INFORMATION_FORMAT = "dwarf-with-dsym";
				ENABLE_NS_ASSERTIONS = NO;
				ENABLE_STRICT_OBJC_MSGSEND = YES;
				GCC_C_LANGUAGE_STANDARD = gnu11;
				GCC_NO_COMMON_BLOCKS = YES;
				GCC_WARN_64_TO_32_BIT_CONVERSION = YES;
				GCC_WARN_ABOUT_RETURN_TYPE = YES_ERROR;
				GCC_WARN_UNDECLARED_SELECTOR = YES;
				GCC_WARN_UNINITIALIZED_AUTOS = YES_AGGRESSIVE;
				GCC_WARN_UNUSED_FUNCTION = YES;
				GCC_WARN_UNUSED_VARIABLE = YES;
				IPHONEOS_DEPLOYMENT_TARGET = 14.4;
				MTL_ENABLE_DEBUG_INFO = NO;
				MTL_FAST_MATH = YES;
				SDKROOT = iphoneos;
				SWIFT_COMPILATION_MODE = wholemodule;
				SWIFT_OPTIMIZATION_LEVEL = "-O";
				VALIDATE_PRODUCT = YES;
			};
			name = Release;
		};
		1EE2CBFD262A81200029050A /* Debug */ = {
			isa = XCBuildConfiguration;
			buildSettings = {
				ASSETCATALOG_COMPILER_APPICON_NAME = AppIcon;
				ASSETCATALOG_COMPILER_GLOBAL_ACCENT_COLOR_NAME = AccentColor;
				CODE_SIGN_STYLE = Automatic;
				DEVELOPMENT_TEAM = 9Y3YYN3XLN;
				INFOPLIST_FILE = App_Generate_Numbers/Info.plist;
				LD_RUNPATH_SEARCH_PATHS = (
					"$(inherited)",
					"@executable_path/Frameworks",
				);
				PRODUCT_BUNDLE_IDENTIFIER = "com.kaique.App-Generate-Numbers";
				PRODUCT_NAME = "$(TARGET_NAME)";
				SWIFT_VERSION = 5.0;
				TARGETED_DEVICE_FAMILY = "1,2";
			};
			name = Debug;
		};
		1EE2CBFE262A81200029050A /* Release */ = {
			isa = XCBuildConfiguration;
			buildSettings = {
				ASSETCATALOG_COMPILER_APPICON_NAME = AppIcon;
				ASSETCATALOG_COMPILER_GLOBAL_ACCENT_COLOR_NAME = AccentColor;
				CODE_SIGN_STYLE = Automatic;
				DEVELOPMENT_TEAM = 9Y3YYN3XLN;
				INFOPLIST_FILE = App_Generate_Numbers/Info.plist;
				LD_RUNPATH_SEARCH_PATHS = (
					"$(inherited)",
					"@executable_path/Frameworks",
				);
				PRODUCT_BUNDLE_IDENTIFIER = "com.kaique.App-Generate-Numbers";
				PRODUCT_NAME = "$(TARGET_NAME)";
				SWIFT_VERSION = 5.0;
				TARGETED_DEVICE_FAMILY = "1,2";
			};
			name = Release;
		};
/* End XCBuildConfiguration section */

/* Begin XCConfigurationList section */
		1EE2CBE0262A811F0029050A /* Build configuration list for PBXProject "App_Generate_Numbers" */ = {
			isa = XCConfigurationList;
			buildConfigurations = (
				1EE2CBFA262A81200029050A /* Debug */,
				1EE2CBFB262A81200029050A /* Release */,
			);
			defaultConfigurationIsVisible = 0;
			defaultConfigurationName = Release;
		};
		1EE2CBFC262A81200029050A /* Build configuration list for PBXNativeTarget "App_Generate_Numbers" */ = {
			isa = XCConfigurationList;
			buildConfigurations = (
				1EE2CBFD262A81200029050A /* Debug */,
				1EE2CBFE262A81200029050A /* Release */,
			);
			defaultConfigurationIsVisible = 0;
			defaultConfigurationName = Release;
		};
/* End XCConfigurationList section */

/* Begin XCVersionGroup section */
		1EE2CBF1262A811F0029050A /* App_Generate_Numbers.xcdatamodeld */ = {
			isa = XCVersionGroup;
			children = (
				1EE2CBF2262A811F0029050A /* App_Generate_Numbers.xcdatamodel */,
			);
			currentVersion = 1EE2CBF2262A811F0029050A /* App_Generate_Numbers.xcdatamodel */;
			path = App_Generate_Numbers.xcdatamodeld;
			sourceTree = "<group>";
			versionGroupType = wrapper.xcdatamodel;
		};
/* End XCVersionGroup section */
	};
	rootObject = 1EE2CBDD262A811F0029050A /* Project object */;
}
